
Microsoft Visual Studio Solution File, Format Version 12.00
# Visual Studio Version 16
VisualStudioVersion = 16.0.30717.126
MinimumVisualStudioVersion = 10.0.40219.1
Project("{9A19103F-16F7-4668-BE54-9A1E7A4F7556}") = "MoodAnalyserProject", "MoodAnalyserProject\MoodAnalyserProject.csproj", "{E08C8207-7FCB-4AA7-B678-6E02C9603BD1}"
EndProject
Project("{FAE04EC0-301F-11D3-BF4B-00C04F79EFBC}") = "MoodAnalyseTest", "MoodAnalyseTest\MoodAnalyseTest.csproj", "{200ADC29-9759-4E4B-8CDE-63296FF3B3D0}"
EndProject
Global
	GlobalSection(SolutionConfigurationPlatforms) = preSolution
		Debug|Any CPU = Debug|Any CPU
		Release|Any CPU = Release|Any CPU
	EndGlobalSection
	GlobalSection(ProjectConfigurationPlatforms) = postSolution
		{E08C8207-7FCB-4AA7-B678-6E02C9603BD1}.Debug|Any CPU.ActiveCfg = Debug|Any CPU
		{E08C8207-7FCB-4AA7-B678-6E02C9603BD1}.Debug|Any CPU.Build.0 = Debug|Any CPU
		{E08C8207-7FCB-4AA7-B678-6E02C9603BD1}.Release|Any CPU.ActiveCfg = Release|Any CPU
		{E08C8207-7FCB-4AA7-B678-6E02C9603BD1}.Release|Any CPU.Build.0 = Release|Any CPU
		{200ADC29-9759-4E4B-8CDE-63296FF3B3D0}.Debug|Any CPU.ActiveCfg = Debug|Any CPU
		{200ADC29-9759-4E4B-8CDE-63296FF3B3D0}.Debug|Any CPU.Build.0 = Debug|Any CPU
		{200ADC29-9759-4E4B-8CDE-63296FF3B3D0}.Release|Any CPU.ActiveCfg = Release|Any CPU
		{200ADC29-9759-4E4B-8CDE-63296FF3B3D0}.Release|Any CPU.Build.0 = Release|Any CPU
	EndGlobalSection
	GlobalSection(SolutionProperties) = preSolution
		HideSolutionNode = FALSE
	EndGlobalSection
	GlobalSection(ExtensibilityGlobals) = postSolution
		SolutionGuid = {728E7563-9850-4547-8B82-830E7EA4EDEF}
	EndGlobalSection
EndGlobal
